
Microsoft Visual Studio Solution File, Format Version 12.00
# Visual Studio Express 2013 for Windows Desktop
VisualStudioVersion = 12.0.21005.1
MinimumVisualStudioVersion = 10.0.40219.1
Project("{FAE04EC0-301F-11D3-BF4B-00C04F79EFBC}") = "CrunchySalt", "CrunchySalt\CrunchySalt.csproj", "{14716796-281F-4F48-9D47-B392EE94CB5D}"
	ProjectSection(ProjectDependencies) = postProject
		{5E57FC56-BBED-4723-B74D-E99C5FF3764E} = {5E57FC56-BBED-4723-B74D-E99C5FF3764E}
	EndProjectSection
EndProject
Project("{FAE04EC0-301F-11D3-BF4B-00C04F79EFBC}") = "CrunchyNoodle", "CrunchyNoodle\CrunchyNoodle.csproj", "{3BABED19-B5BC-4120-8015-39793473BA87}"
	ProjectSection(ProjectDependencies) = postProject
		{5E57FC56-BBED-4723-B74D-E99C5FF3764E} = {5E57FC56-BBED-4723-B74D-E99C5FF3764E}
		{14716796-281F-4F48-9D47-B392EE94CB5D} = {14716796-281F-4F48-9D47-B392EE94CB5D}
	EndProjectSection
EndProject
Project("{FAE04EC0-301F-11D3-BF4B-00C04F79EFBC}") = "CrunchyGinger", "CrunchyGinger\CrunchyGinger.csproj", "{9E4779F4-3B29-4CDC-912F-789FFC4715E8}"
	ProjectSection(ProjectDependencies) = postProject
		{3BABED19-B5BC-4120-8015-39793473BA87} = {3BABED19-B5BC-4120-8015-39793473BA87}
		{5E57FC56-BBED-4723-B74D-E99C5FF3764E} = {5E57FC56-BBED-4723-B74D-E99C5FF3764E}
		{14716796-281F-4F48-9D47-B392EE94CB5D} = {14716796-281F-4F48-9D47-B392EE94CB5D}
	EndProjectSection
EndProject
Project("{FAE04EC0-301F-11D3-BF4B-00C04F79EFBC}") = "CrunchyBaker", "CrunchyBaker\CrunchyBaker.csproj", "{58427812-FB84-4755-BD45-F2663758E176}"
	ProjectSection(ProjectDependencies) = postProject
		{3BABED19-B5BC-4120-8015-39793473BA87} = {3BABED19-B5BC-4120-8015-39793473BA87}
		{5E57FC56-BBED-4723-B74D-E99C5FF3764E} = {5E57FC56-BBED-4723-B74D-E99C5FF3764E}
		{C9ECF488-6EF3-4B56-A529-C19871F228C9} = {C9ECF488-6EF3-4B56-A529-C19871F228C9}
		{14716796-281F-4F48-9D47-B392EE94CB5D} = {14716796-281F-4F48-9D47-B392EE94CB5D}
		{9E4779F4-3B29-4CDC-912F-789FFC4715E8} = {9E4779F4-3B29-4CDC-912F-789FFC4715E8}
	EndProjectSection
EndProject
Project("{FAE04EC0-301F-11D3-BF4B-00C04F79EFBC}") = "CrunchySandwich", "CrunchySandwich\CrunchySandwich.csproj", "{6ACC1D31-48D0-43E6-8A3A-E439B7EAD68C}"
EndProject
Project("{FAE04EC0-301F-11D3-BF4B-00C04F79EFBC}") = "CrunchySauce", "CrunchySauce\CrunchySauce.csproj", "{9FEE093F-4200-4E2E-8C52-842B4CC42478}"
	ProjectSection(ProjectDependencies) = postProject
		{3BABED19-B5BC-4120-8015-39793473BA87} = {3BABED19-B5BC-4120-8015-39793473BA87}
		{5E57FC56-BBED-4723-B74D-E99C5FF3764E} = {5E57FC56-BBED-4723-B74D-E99C5FF3764E}
		{14716796-281F-4F48-9D47-B392EE94CB5D} = {14716796-281F-4F48-9D47-B392EE94CB5D}
	EndProjectSection
EndProject
Project("{FAE04EC0-301F-11D3-BF4B-00C04F79EFBC}") = "CrunchyCane", "CrunchyCane\CrunchyCane.csproj", "{13E0E098-C383-4446-8EE8-35AC26E71A25}"
	ProjectSection(ProjectDependencies) = postProject
		{3BABED19-B5BC-4120-8015-39793473BA87} = {3BABED19-B5BC-4120-8015-39793473BA87}
		{5E57FC56-BBED-4723-B74D-E99C5FF3764E} = {5E57FC56-BBED-4723-B74D-E99C5FF3764E}
		{14716796-281F-4F48-9D47-B392EE94CB5D} = {14716796-281F-4F48-9D47-B392EE94CB5D}
	EndProjectSection
EndProject
Project("{FAE04EC0-301F-11D3-BF4B-00C04F79EFBC}") = "CrunchyRecipe", "CrunchyRecipe\CrunchyRecipe.csproj", "{3E2B2475-732C-41E1-A746-552A07B2F283}"
	ProjectSection(ProjectDependencies) = postProject
		{3BABED19-B5BC-4120-8015-39793473BA87} = {3BABED19-B5BC-4120-8015-39793473BA87}
		{5E57FC56-BBED-4723-B74D-E99C5FF3764E} = {5E57FC56-BBED-4723-B74D-E99C5FF3764E}
		{14716796-281F-4F48-9D47-B392EE94CB5D} = {14716796-281F-4F48-9D47-B392EE94CB5D}
	EndProjectSection
EndProject
Project("{FAE04EC0-301F-11D3-BF4B-00C04F79EFBC}") = "CrunchyLunch", "CrunchyLunch\CrunchyLunch.csproj", "{25C7126F-8124-47E2-B570-C960BCE31DB3}"
	ProjectSection(ProjectDependencies) = postProject
		{3BABED19-B5BC-4120-8015-39793473BA87} = {3BABED19-B5BC-4120-8015-39793473BA87}
		{5E57FC56-BBED-4723-B74D-E99C5FF3764E} = {5E57FC56-BBED-4723-B74D-E99C5FF3764E}
		{14716796-281F-4F48-9D47-B392EE94CB5D} = {14716796-281F-4F48-9D47-B392EE94CB5D}
	EndProjectSection
EndProject
Project("{FAE04EC0-301F-11D3-BF4B-00C04F79EFBC}") = "CrunchyPepper", "CrunchyPepper\CrunchyPepper.csproj", "{C9ECF488-6EF3-4B56-A529-C19871F228C9}"
	ProjectSection(ProjectDependencies) = postProject
		{5E57FC56-BBED-4723-B74D-E99C5FF3764E} = {5E57FC56-BBED-4723-B74D-E99C5FF3764E}
		{14716796-281F-4F48-9D47-B392EE94CB5D} = {14716796-281F-4F48-9D47-B392EE94CB5D}
	EndProjectSection
EndProject
Project("{FAE04EC0-301F-11D3-BF4B-00C04F79EFBC}") = "CrunchyPantry", "CrunchyPantry\CrunchyPantry.csproj", "{81978F73-DB1C-4673-A323-340E0EAA2E9B}"
	ProjectSection(ProjectDependencies) = postProject
		{3BABED19-B5BC-4120-8015-39793473BA87} = {3BABED19-B5BC-4120-8015-39793473BA87}
		{5E57FC56-BBED-4723-B74D-E99C5FF3764E} = {5E57FC56-BBED-4723-B74D-E99C5FF3764E}
		{14716796-281F-4F48-9D47-B392EE94CB5D} = {14716796-281F-4F48-9D47-B392EE94CB5D}
	EndProjectSection
EndProject
Project("{FAE04EC0-301F-11D3-BF4B-00C04F79EFBC}") = "CrunchyStrudel", "CrunchyStrudel\CrunchyStrudel.csproj", "{8A7173CD-7BC7-4B7C-9830-D457CB9F331D}"
	ProjectSection(ProjectDependencies) = postProject
		{3BABED19-B5BC-4120-8015-39793473BA87} = {3BABED19-B5BC-4120-8015-39793473BA87}
		{5E57FC56-BBED-4723-B74D-E99C5FF3764E} = {5E57FC56-BBED-4723-B74D-E99C5FF3764E}
		{14716796-281F-4F48-9D47-B392EE94CB5D} = {14716796-281F-4F48-9D47-B392EE94CB5D}
	EndProjectSection
EndProject
Project("{FAE04EC0-301F-11D3-BF4B-00C04F79EFBC}") = "CrunchyStyrofoam", "CrunchyStyrofoam\CrunchyStyrofoam.csproj", "{1F191369-729F-4114-8C7F-B13753343171}"
	ProjectSection(ProjectDependencies) = postProject
		{5E57FC56-BBED-4723-B74D-E99C5FF3764E} = {5E57FC56-BBED-4723-B74D-E99C5FF3764E}
		{14716796-281F-4F48-9D47-B392EE94CB5D} = {14716796-281F-4F48-9D47-B392EE94CB5D}
	EndProjectSection
EndProject
Project("{FAE04EC0-301F-11D3-BF4B-00C04F79EFBC}") = "CrunchyKitchen", "CrunchyKitchen\CrunchyKitchen.csproj", "{69EC75AB-F9A4-485B-AB3F-224A495C105A}"
	ProjectSection(ProjectDependencies) = postProject
		{3BABED19-B5BC-4120-8015-39793473BA87} = {3BABED19-B5BC-4120-8015-39793473BA87}
		{5E57FC56-BBED-4723-B74D-E99C5FF3764E} = {5E57FC56-BBED-4723-B74D-E99C5FF3764E}
		{14716796-281F-4F48-9D47-B392EE94CB5D} = {14716796-281F-4F48-9D47-B392EE94CB5D}
	EndProjectSection
EndProject
Project("{FAE04EC0-301F-11D3-BF4B-00C04F79EFBC}") = "CrunchySodium", "CrunchySodium\CrunchySodium.csproj", "{4995EF29-EE06-493C-999C-ABA7D9B4E884}"
	ProjectSection(ProjectDependencies) = postProject
		{3BABED19-B5BC-4120-8015-39793473BA87} = {3BABED19-B5BC-4120-8015-39793473BA87}
		{5E57FC56-BBED-4723-B74D-E99C5FF3764E} = {5E57FC56-BBED-4723-B74D-E99C5FF3764E}
		{14716796-281F-4F48-9D47-B392EE94CB5D} = {14716796-281F-4F48-9D47-B392EE94CB5D}
	EndProjectSection
EndProject
Project("{FAE04EC0-301F-11D3-BF4B-00C04F79EFBC}") = "CrunchyCart", "CrunchyCart\CrunchyCart.csproj", "{F4ABF66E-427B-40E4-AB8F-BF1F3513E224}"
	ProjectSection(ProjectDependencies) = postProject
		{3BABED19-B5BC-4120-8015-39793473BA87} = {3BABED19-B5BC-4120-8015-39793473BA87}
		{4995EF29-EE06-493C-999C-ABA7D9B4E884} = {4995EF29-EE06-493C-999C-ABA7D9B4E884}
		{5E57FC56-BBED-4723-B74D-E99C5FF3764E} = {5E57FC56-BBED-4723-B74D-E99C5FF3764E}
		{14716796-281F-4F48-9D47-B392EE94CB5D} = {14716796-281F-4F48-9D47-B392EE94CB5D}
	EndProjectSection
EndProject
Project("{FAE04EC0-301F-11D3-BF4B-00C04F79EFBC}") = "CrunchyBroth", "CrunchyBroth\CrunchyBroth.csproj", "{B1AD4306-BCD9-44AE-AA81-8114C74965F4}"
	ProjectSection(ProjectDependencies) = postProject
		{3BABED19-B5BC-4120-8015-39793473BA87} = {3BABED19-B5BC-4120-8015-39793473BA87}
		{4995EF29-EE06-493C-999C-ABA7D9B4E884} = {4995EF29-EE06-493C-999C-ABA7D9B4E884}
		{5E57FC56-BBED-4723-B74D-E99C5FF3764E} = {5E57FC56-BBED-4723-B74D-E99C5FF3764E}
		{14716796-281F-4F48-9D47-B392EE94CB5D} = {14716796-281F-4F48-9D47-B392EE94CB5D}
	EndProjectSection
EndProject
Project("{FAE04EC0-301F-11D3-BF4B-00C04F79EFBC}") = "CrunchyCheese", "CrunchyCheese\CrunchyCheese.csproj", "{FE3BACC6-E370-4C60-915C-CC28BFE76408}"
	ProjectSection(ProjectDependencies) = postProject
		{3BABED19-B5BC-4120-8015-39793473BA87} = {3BABED19-B5BC-4120-8015-39793473BA87}
		{4995EF29-EE06-493C-999C-ABA7D9B4E884} = {4995EF29-EE06-493C-999C-ABA7D9B4E884}
		{5E57FC56-BBED-4723-B74D-E99C5FF3764E} = {5E57FC56-BBED-4723-B74D-E99C5FF3764E}
		{14716796-281F-4F48-9D47-B392EE94CB5D} = {14716796-281F-4F48-9D47-B392EE94CB5D}
	EndProjectSection
EndProject
Project("{FAE04EC0-301F-11D3-BF4B-00C04F79EFBC}") = "CrunchyRamen", "CrunchyRamen\CrunchyRamen.csproj", "{797402BF-344B-4887-8B7A-02913A9BBEF6}"
	ProjectSection(ProjectDependencies) = postProject
		{3BABED19-B5BC-4120-8015-39793473BA87} = {3BABED19-B5BC-4120-8015-39793473BA87}
		{4995EF29-EE06-493C-999C-ABA7D9B4E884} = {4995EF29-EE06-493C-999C-ABA7D9B4E884}
		{5E57FC56-BBED-4723-B74D-E99C5FF3764E} = {5E57FC56-BBED-4723-B74D-E99C5FF3764E}
		{14716796-281F-4F48-9D47-B392EE94CB5D} = {14716796-281F-4F48-9D47-B392EE94CB5D}
	EndProjectSection
EndProject
Project("{FAE04EC0-301F-11D3-BF4B-00C04F79EFBC}") = "CrunchySandwichBag", "CrunchySandwichBag\CrunchySandwichBag.csproj", "{EB52CADD-FB26-4672-B204-49C73D66DC65}"
EndProject
Project("{FAE04EC0-301F-11D3-BF4B-00C04F79EFBC}") = "CrunchyBread", "CrunchyBread\CrunchyBread.csproj", "{7D5A203B-A23F-4AE5-A85F-5894BF6D9A4A}"
EndProject
Project("{2150E333-8FDC-42A3-9474-1A3956D46DE8}") = "Tools", "Tools", "{D70CAE16-06FF-42E5-92A9-9046F88E681C}"
EndProject
Project("{FAE04EC0-301F-11D3-BF4B-00C04F79EFBC}") = "UnityExternalIdManager", "Tools\UnityExternalIdManager\UnityExternalIdManager.csproj", "{B7E1CAB2-8FF6-4DCD-AAA5-3129614F1C4E}"
EndProject
Project("{FAE04EC0-301F-11D3-BF4B-00C04F79EFBC}") = "UnityOrphanPurger", "Tools\UnityOrphanPurger\UnityOrphanPurger.csproj", "{1CB22DA3-B975-4F3E-9474-9D8A480E6181}"
EndProject
Project("{FAE04EC0-301F-11D3-BF4B-00C04F79EFBC}") = "UnityUtilities", "Tools\UnityUtilities\UnityUtilities.csproj", "{70E354FE-8451-40CB-8539-A2DBA15E8F4A}"
EndProject
Project("{FAE04EC0-301F-11D3-BF4B-00C04F79EFBC}") = "CrunchySack_WinForms", "CrunchySack_WinForms\CrunchySack_WinForms.csproj", "{8B0BAD98-7EF4-4D93-B79F-D8C12DD4DDCC}"
EndProject
Project("{FAE04EC0-301F-11D3-BF4B-00C04F79EFBC}") = "CrunchyWinsys", "CrunchyWinsys\CrunchyWinsys.csproj", "{2D0CDAB5-DD7E-41B1-B681-318D44B19252}"
EndProject
Project("{FAE04EC0-301F-11D3-BF4B-00C04F79EFBC}") = "CrunchySack_Avalonia", "CrunchySack_Avalonia\CrunchySack_Avalonia.csproj", "{576E0927-33EB-418D-8960-1A8599D46913}"
EndProject
Project("{FAE04EC0-301F-11D3-BF4B-00C04F79EFBC}") = "CrunchySack_Gtk", "CrunchySack_Gtk\CrunchySack_Gtk.csproj", "{C3652F45-82FB-406B-98C6-2378FB183546}"
EndProject
Project("{FAE04EC0-301F-11D3-BF4B-00C04F79EFBC}") = "CrunchySack", "CrunchySack\CrunchySack.csproj", "{922C960D-F9BC-4E6C-92CC-DB980C4BC21B}"
EndProject
Project("{FAE04EC0-301F-11D3-BF4B-00C04F79EFBC}") = "GamepadGenerator", "Tools\GamepadGenerator\GamepadGenerator.csproj", "{D1AB3D94-715E-4796-810D-D0A586759CCD}"
EndProject
Project("{9344BDBB-3E7F-41FC-A0DD-8665D75EE146}") = "CrunchySack_WPF", "CrunchySack_WPF\CrunchySack_WPF.csproj", "{0B3888D0-1BEF-4728-B53C-660FC2EF8400}"
EndProject
Project("{9344BDBB-3E7F-41FC-A0DD-8665D75EE146}") = "CrunchyCup", "CrunchyCup\CrunchyCup.csproj", "{B02BDAC7-B55C-42A4-B144-177522C19226}"
EndProject
Project("{9344BDBB-3E7F-41FC-A0DD-8665D75EE146}") = "CrunchyPantry_DropBox", "CrunchyPantry_DropBox\CrunchyPantry_DropBox.csproj", "{7CA4C2BC-FB06-4A41-B49D-A3D3F32C6237}"
EndProject
Project("{9344BDBB-3E7F-41FC-A0DD-8665D75EE146}") = "CrunchyPantry_GoogleDrive", "CrunchyPantry_GoogleDrive\CrunchyPantry_GoogleDrive.csproj", "{38E983CD-74B7-495C-A67E-39330C11C57F}"
EndProject
Project("{9344BDBB-3E7F-41FC-A0DD-8665D75EE146}") = "CrunchySack_Android", "CrunchySack_Android\CrunchySack_Android.csproj", "{DEF6A642-2F05-4B72-BEAC-05D36B4E1500}"
EndProject
Project("{FAE04EC0-301F-11D3-BF4B-00C04F79EFBC}") = "CrunchyDough", "CrunchyDough\CrunchyDough.csproj", "{5E57FC56-BBED-4723-B74D-E99C5FF3764E}"
EndProject
Global
	GlobalSection(SolutionConfigurationPlatforms) = preSolution
		Debug|Any CPU = Debug|Any CPU
		Release|Any CPU = Release|Any CPU
		Debug|x86 = Debug|x86
		Release|x86 = Release|x86
	EndGlobalSection
	GlobalSection(ProjectConfigurationPlatforms) = postSolution
		{14716796-281F-4F48-9D47-B392EE94CB5D}.Debug|Any CPU.ActiveCfg = Debug|Any CPU
		{14716796-281F-4F48-9D47-B392EE94CB5D}.Debug|Any CPU.Build.0 = Debug|Any CPU
		{14716796-281F-4F48-9D47-B392EE94CB5D}.Release|Any CPU.ActiveCfg = Release|Any CPU
		{14716796-281F-4F48-9D47-B392EE94CB5D}.Release|Any CPU.Build.0 = Release|Any CPU
		{14716796-281F-4F48-9D47-B392EE94CB5D}.Debug|x86.ActiveCfg = Debug|Any CPU
		{14716796-281F-4F48-9D47-B392EE94CB5D}.Debug|x86.Build.0 = Debug|Any CPU
		{14716796-281F-4F48-9D47-B392EE94CB5D}.Release|x86.ActiveCfg = Release|Any CPU
		{14716796-281F-4F48-9D47-B392EE94CB5D}.Release|x86.Build.0 = Release|Any CPU
		{3BABED19-B5BC-4120-8015-39793473BA87}.Debug|Any CPU.ActiveCfg = Debug|Any CPU
		{3BABED19-B5BC-4120-8015-39793473BA87}.Debug|Any CPU.Build.0 = Debug|Any CPU
		{3BABED19-B5BC-4120-8015-39793473BA87}.Release|Any CPU.ActiveCfg = Release|Any CPU
		{3BABED19-B5BC-4120-8015-39793473BA87}.Release|Any CPU.Build.0 = Release|Any CPU
		{3BABED19-B5BC-4120-8015-39793473BA87}.Debug|x86.ActiveCfg = Debug|Any CPU
		{3BABED19-B5BC-4120-8015-39793473BA87}.Debug|x86.Build.0 = Debug|Any CPU
		{3BABED19-B5BC-4120-8015-39793473BA87}.Release|x86.ActiveCfg = Release|Any CPU
		{3BABED19-B5BC-4120-8015-39793473BA87}.Release|x86.Build.0 = Release|Any CPU
		{9E4779F4-3B29-4CDC-912F-789FFC4715E8}.Debug|Any CPU.ActiveCfg = Debug|Any CPU
		{9E4779F4-3B29-4CDC-912F-789FFC4715E8}.Debug|Any CPU.Build.0 = Debug|Any CPU
		{9E4779F4-3B29-4CDC-912F-789FFC4715E8}.Release|Any CPU.ActiveCfg = Release|Any CPU
		{9E4779F4-3B29-4CDC-912F-789FFC4715E8}.Release|Any CPU.Build.0 = Release|Any CPU
		{9E4779F4-3B29-4CDC-912F-789FFC4715E8}.Debug|x86.ActiveCfg = Debug|Any CPU
		{9E4779F4-3B29-4CDC-912F-789FFC4715E8}.Debug|x86.Build.0 = Debug|Any CPU
		{9E4779F4-3B29-4CDC-912F-789FFC4715E8}.Release|x86.ActiveCfg = Release|Any CPU
		{9E4779F4-3B29-4CDC-912F-789FFC4715E8}.Release|x86.Build.0 = Release|Any CPU
		{58427812-FB84-4755-BD45-F2663758E176}.Debug|Any CPU.ActiveCfg = Debug|Any CPU
		{58427812-FB84-4755-BD45-F2663758E176}.Debug|Any CPU.Build.0 = Debug|Any CPU
		{58427812-FB84-4755-BD45-F2663758E176}.Release|Any CPU.ActiveCfg = Release|Any CPU
		{58427812-FB84-4755-BD45-F2663758E176}.Release|Any CPU.Build.0 = Release|Any CPU
		{58427812-FB84-4755-BD45-F2663758E176}.Debug|x86.ActiveCfg = Debug|Any CPU
		{58427812-FB84-4755-BD45-F2663758E176}.Debug|x86.Build.0 = Debug|Any CPU
		{58427812-FB84-4755-BD45-F2663758E176}.Release|x86.ActiveCfg = Release|Any CPU
		{58427812-FB84-4755-BD45-F2663758E176}.Release|x86.Build.0 = Release|Any CPU
		{6ACC1D31-48D0-43E6-8A3A-E439B7EAD68C}.Debug|Any CPU.ActiveCfg = Debug|Any CPU
		{6ACC1D31-48D0-43E6-8A3A-E439B7EAD68C}.Debug|Any CPU.Build.0 = Debug|Any CPU
		{6ACC1D31-48D0-43E6-8A3A-E439B7EAD68C}.Release|Any CPU.ActiveCfg = Release|Any CPU
		{6ACC1D31-48D0-43E6-8A3A-E439B7EAD68C}.Release|Any CPU.Build.0 = Release|Any CPU
		{6ACC1D31-48D0-43E6-8A3A-E439B7EAD68C}.Debug|x86.ActiveCfg = Debug|Any CPU
		{6ACC1D31-48D0-43E6-8A3A-E439B7EAD68C}.Debug|x86.Build.0 = Debug|Any CPU
		{6ACC1D31-48D0-43E6-8A3A-E439B7EAD68C}.Release|x86.ActiveCfg = Release|Any CPU
		{6ACC1D31-48D0-43E6-8A3A-E439B7EAD68C}.Release|x86.Build.0 = Release|Any CPU
		{9FEE093F-4200-4E2E-8C52-842B4CC42478}.Debug|Any CPU.ActiveCfg = Debug|Any CPU
		{9FEE093F-4200-4E2E-8C52-842B4CC42478}.Debug|Any CPU.Build.0 = Debug|Any CPU
		{9FEE093F-4200-4E2E-8C52-842B4CC42478}.Release|Any CPU.ActiveCfg = Release|Any CPU
		{9FEE093F-4200-4E2E-8C52-842B4CC42478}.Release|Any CPU.Build.0 = Release|Any CPU
		{9FEE093F-4200-4E2E-8C52-842B4CC42478}.Debug|x86.ActiveCfg = Debug|Any CPU
		{9FEE093F-4200-4E2E-8C52-842B4CC42478}.Debug|x86.Build.0 = Debug|Any CPU
		{9FEE093F-4200-4E2E-8C52-842B4CC42478}.Release|x86.ActiveCfg = Release|Any CPU
		{9FEE093F-4200-4E2E-8C52-842B4CC42478}.Release|x86.Build.0 = Release|Any CPU
		{13E0E098-C383-4446-8EE8-35AC26E71A25}.Debug|Any CPU.ActiveCfg = Debug|Any CPU
		{13E0E098-C383-4446-8EE8-35AC26E71A25}.Debug|Any CPU.Build.0 = Debug|Any CPU
		{13E0E098-C383-4446-8EE8-35AC26E71A25}.Release|Any CPU.ActiveCfg = Release|Any CPU
		{13E0E098-C383-4446-8EE8-35AC26E71A25}.Release|Any CPU.Build.0 = Release|Any CPU
		{13E0E098-C383-4446-8EE8-35AC26E71A25}.Debug|x86.ActiveCfg = Debug|Any CPU
		{13E0E098-C383-4446-8EE8-35AC26E71A25}.Debug|x86.Build.0 = Debug|Any CPU
		{13E0E098-C383-4446-8EE8-35AC26E71A25}.Release|x86.ActiveCfg = Release|Any CPU
		{13E0E098-C383-4446-8EE8-35AC26E71A25}.Release|x86.Build.0 = Release|Any CPU
		{3E2B2475-732C-41E1-A746-552A07B2F283}.Debug|Any CPU.ActiveCfg = Debug|Any CPU
		{3E2B2475-732C-41E1-A746-552A07B2F283}.Debug|Any CPU.Build.0 = Debug|Any CPU
		{3E2B2475-732C-41E1-A746-552A07B2F283}.Release|Any CPU.ActiveCfg = Release|Any CPU
		{3E2B2475-732C-41E1-A746-552A07B2F283}.Release|Any CPU.Build.0 = Release|Any CPU
		{3E2B2475-732C-41E1-A746-552A07B2F283}.Debug|x86.ActiveCfg = Debug|Any CPU
		{3E2B2475-732C-41E1-A746-552A07B2F283}.Debug|x86.Build.0 = Debug|Any CPU
		{3E2B2475-732C-41E1-A746-552A07B2F283}.Release|x86.ActiveCfg = Release|Any CPU
		{3E2B2475-732C-41E1-A746-552A07B2F283}.Release|x86.Build.0 = Release|Any CPU
		{25C7126F-8124-47E2-B570-C960BCE31DB3}.Debug|Any CPU.ActiveCfg = Debug|Any CPU
		{25C7126F-8124-47E2-B570-C960BCE31DB3}.Debug|Any CPU.Build.0 = Debug|Any CPU
		{25C7126F-8124-47E2-B570-C960BCE31DB3}.Release|Any CPU.ActiveCfg = Release|Any CPU
		{25C7126F-8124-47E2-B570-C960BCE31DB3}.Release|Any CPU.Build.0 = Release|Any CPU
		{25C7126F-8124-47E2-B570-C960BCE31DB3}.Debug|x86.ActiveCfg = Debug|Any CPU
		{25C7126F-8124-47E2-B570-C960BCE31DB3}.Debug|x86.Build.0 = Debug|Any CPU
		{25C7126F-8124-47E2-B570-C960BCE31DB3}.Release|x86.ActiveCfg = Release|Any CPU
		{25C7126F-8124-47E2-B570-C960BCE31DB3}.Release|x86.Build.0 = Release|Any CPU
		{C9ECF488-6EF3-4B56-A529-C19871F228C9}.Debug|Any CPU.ActiveCfg = Debug|Any CPU
		{C9ECF488-6EF3-4B56-A529-C19871F228C9}.Debug|Any CPU.Build.0 = Debug|Any CPU
		{C9ECF488-6EF3-4B56-A529-C19871F228C9}.Release|Any CPU.ActiveCfg = Release|Any CPU
		{C9ECF488-6EF3-4B56-A529-C19871F228C9}.Release|Any CPU.Build.0 = Release|Any CPU
		{C9ECF488-6EF3-4B56-A529-C19871F228C9}.Debug|x86.ActiveCfg = Debug|Any CPU
		{C9ECF488-6EF3-4B56-A529-C19871F228C9}.Debug|x86.Build.0 = Debug|Any CPU
		{C9ECF488-6EF3-4B56-A529-C19871F228C9}.Release|x86.ActiveCfg = Release|Any CPU
		{C9ECF488-6EF3-4B56-A529-C19871F228C9}.Release|x86.Build.0 = Release|Any CPU
		{81978F73-DB1C-4673-A323-340E0EAA2E9B}.Debug|Any CPU.ActiveCfg = Debug|Any CPU
		{81978F73-DB1C-4673-A323-340E0EAA2E9B}.Debug|Any CPU.Build.0 = Debug|Any CPU
		{81978F73-DB1C-4673-A323-340E0EAA2E9B}.Release|Any CPU.ActiveCfg = Release|Any CPU
		{81978F73-DB1C-4673-A323-340E0EAA2E9B}.Release|Any CPU.Build.0 = Release|Any CPU
		{81978F73-DB1C-4673-A323-340E0EAA2E9B}.Debug|x86.ActiveCfg = Debug|Any CPU
		{81978F73-DB1C-4673-A323-340E0EAA2E9B}.Debug|x86.Build.0 = Debug|Any CPU
		{81978F73-DB1C-4673-A323-340E0EAA2E9B}.Release|x86.ActiveCfg = Release|Any CPU
		{81978F73-DB1C-4673-A323-340E0EAA2E9B}.Release|x86.Build.0 = Release|Any CPU
		{8A7173CD-7BC7-4B7C-9830-D457CB9F331D}.Debug|Any CPU.ActiveCfg = Debug|Any CPU
		{8A7173CD-7BC7-4B7C-9830-D457CB9F331D}.Debug|Any CPU.Build.0 = Debug|Any CPU
		{8A7173CD-7BC7-4B7C-9830-D457CB9F331D}.Release|Any CPU.ActiveCfg = Release|Any CPU
		{8A7173CD-7BC7-4B7C-9830-D457CB9F331D}.Release|Any CPU.Build.0 = Release|Any CPU
		{8A7173CD-7BC7-4B7C-9830-D457CB9F331D}.Debug|x86.ActiveCfg = Debug|Any CPU
		{8A7173CD-7BC7-4B7C-9830-D457CB9F331D}.Debug|x86.Build.0 = Debug|Any CPU
		{8A7173CD-7BC7-4B7C-9830-D457CB9F331D}.Release|x86.ActiveCfg = Release|Any CPU
		{8A7173CD-7BC7-4B7C-9830-D457CB9F331D}.Release|x86.Build.0 = Release|Any CPU
		{1F191369-729F-4114-8C7F-B13753343171}.Debug|Any CPU.ActiveCfg = Debug|Any CPU
		{1F191369-729F-4114-8C7F-B13753343171}.Debug|Any CPU.Build.0 = Debug|Any CPU
		{1F191369-729F-4114-8C7F-B13753343171}.Release|Any CPU.ActiveCfg = Release|Any CPU
		{1F191369-729F-4114-8C7F-B13753343171}.Release|Any CPU.Build.0 = Release|Any CPU
		{1F191369-729F-4114-8C7F-B13753343171}.Debug|x86.ActiveCfg = Debug|Any CPU
		{1F191369-729F-4114-8C7F-B13753343171}.Debug|x86.Build.0 = Debug|Any CPU
		{1F191369-729F-4114-8C7F-B13753343171}.Release|x86.ActiveCfg = Release|Any CPU
		{1F191369-729F-4114-8C7F-B13753343171}.Release|x86.Build.0 = Release|Any CPU
		{69EC75AB-F9A4-485B-AB3F-224A495C105A}.Debug|Any CPU.ActiveCfg = Debug|Any CPU
		{69EC75AB-F9A4-485B-AB3F-224A495C105A}.Debug|Any CPU.Build.0 = Debug|Any CPU
		{69EC75AB-F9A4-485B-AB3F-224A495C105A}.Release|Any CPU.ActiveCfg = Release|Any CPU
		{69EC75AB-F9A4-485B-AB3F-224A495C105A}.Release|Any CPU.Build.0 = Release|Any CPU
		{69EC75AB-F9A4-485B-AB3F-224A495C105A}.Debug|x86.ActiveCfg = Debug|Any CPU
		{69EC75AB-F9A4-485B-AB3F-224A495C105A}.Debug|x86.Build.0 = Debug|Any CPU
		{69EC75AB-F9A4-485B-AB3F-224A495C105A}.Release|x86.ActiveCfg = Release|Any CPU
		{69EC75AB-F9A4-485B-AB3F-224A495C105A}.Release|x86.Build.0 = Release|Any CPU
		{4995EF29-EE06-493C-999C-ABA7D9B4E884}.Debug|Any CPU.ActiveCfg = Debug|Any CPU
		{4995EF29-EE06-493C-999C-ABA7D9B4E884}.Debug|Any CPU.Build.0 = Debug|Any CPU
		{4995EF29-EE06-493C-999C-ABA7D9B4E884}.Release|Any CPU.ActiveCfg = Release|Any CPU
		{4995EF29-EE06-493C-999C-ABA7D9B4E884}.Release|Any CPU.Build.0 = Release|Any CPU
		{4995EF29-EE06-493C-999C-ABA7D9B4E884}.Debug|x86.ActiveCfg = Debug|Any CPU
		{4995EF29-EE06-493C-999C-ABA7D9B4E884}.Debug|x86.Build.0 = Debug|Any CPU
		{4995EF29-EE06-493C-999C-ABA7D9B4E884}.Release|x86.ActiveCfg = Release|Any CPU
		{4995EF29-EE06-493C-999C-ABA7D9B4E884}.Release|x86.Build.0 = Release|Any CPU
		{F4ABF66E-427B-40E4-AB8F-BF1F3513E224}.Debug|Any CPU.ActiveCfg = Debug|Any CPU
		{F4ABF66E-427B-40E4-AB8F-BF1F3513E224}.Debug|Any CPU.Build.0 = Debug|Any CPU
		{F4ABF66E-427B-40E4-AB8F-BF1F3513E224}.Release|Any CPU.ActiveCfg = Release|Any CPU
		{F4ABF66E-427B-40E4-AB8F-BF1F3513E224}.Release|Any CPU.Build.0 = Release|Any CPU
		{F4ABF66E-427B-40E4-AB8F-BF1F3513E224}.Debug|x86.ActiveCfg = Debug|Any CPU
		{F4ABF66E-427B-40E4-AB8F-BF1F3513E224}.Debug|x86.Build.0 = Debug|Any CPU
		{F4ABF66E-427B-40E4-AB8F-BF1F3513E224}.Release|x86.ActiveCfg = Release|Any CPU
		{F4ABF66E-427B-40E4-AB8F-BF1F3513E224}.Release|x86.Build.0 = Release|Any CPU
		{B1AD4306-BCD9-44AE-AA81-8114C74965F4}.Debug|Any CPU.ActiveCfg = Debug|Any CPU
		{B1AD4306-BCD9-44AE-AA81-8114C74965F4}.Debug|Any CPU.Build.0 = Debug|Any CPU
		{B1AD4306-BCD9-44AE-AA81-8114C74965F4}.Release|Any CPU.ActiveCfg = Release|Any CPU
		{B1AD4306-BCD9-44AE-AA81-8114C74965F4}.Release|Any CPU.Build.0 = Release|Any CPU
		{B1AD4306-BCD9-44AE-AA81-8114C74965F4}.Debug|x86.ActiveCfg = Debug|Any CPU
		{B1AD4306-BCD9-44AE-AA81-8114C74965F4}.Debug|x86.Build.0 = Debug|Any CPU
		{B1AD4306-BCD9-44AE-AA81-8114C74965F4}.Release|x86.ActiveCfg = Release|Any CPU
		{B1AD4306-BCD9-44AE-AA81-8114C74965F4}.Release|x86.Build.0 = Release|Any CPU
		{FE3BACC6-E370-4C60-915C-CC28BFE76408}.Debug|Any CPU.ActiveCfg = Debug|Any CPU
		{FE3BACC6-E370-4C60-915C-CC28BFE76408}.Debug|Any CPU.Build.0 = Debug|Any CPU
		{FE3BACC6-E370-4C60-915C-CC28BFE76408}.Release|Any CPU.ActiveCfg = Release|Any CPU
		{FE3BACC6-E370-4C60-915C-CC28BFE76408}.Release|Any CPU.Build.0 = Release|Any CPU
		{FE3BACC6-E370-4C60-915C-CC28BFE76408}.Debug|x86.ActiveCfg = Debug|Any CPU
		{FE3BACC6-E370-4C60-915C-CC28BFE76408}.Debug|x86.Build.0 = Debug|Any CPU
		{FE3BACC6-E370-4C60-915C-CC28BFE76408}.Release|x86.ActiveCfg = Release|Any CPU
		{FE3BACC6-E370-4C60-915C-CC28BFE76408}.Release|x86.Build.0 = Release|Any CPU
		{797402BF-344B-4887-8B7A-02913A9BBEF6}.Debug|Any CPU.ActiveCfg = Debug|Any CPU
		{797402BF-344B-4887-8B7A-02913A9BBEF6}.Debug|Any CPU.Build.0 = Debug|Any CPU
		{797402BF-344B-4887-8B7A-02913A9BBEF6}.Release|Any CPU.ActiveCfg = Release|Any CPU
		{797402BF-344B-4887-8B7A-02913A9BBEF6}.Release|Any CPU.Build.0 = Release|Any CPU
		{797402BF-344B-4887-8B7A-02913A9BBEF6}.Debug|x86.ActiveCfg = Debug|Any CPU
		{797402BF-344B-4887-8B7A-02913A9BBEF6}.Debug|x86.Build.0 = Debug|Any CPU
		{797402BF-344B-4887-8B7A-02913A9BBEF6}.Release|x86.ActiveCfg = Release|Any CPU
		{797402BF-344B-4887-8B7A-02913A9BBEF6}.Release|x86.Build.0 = Release|Any CPU
		{EB52CADD-FB26-4672-B204-49C73D66DC65}.Debug|Any CPU.ActiveCfg = Debug|Any CPU
		{EB52CADD-FB26-4672-B204-49C73D66DC65}.Debug|Any CPU.Build.0 = Debug|Any CPU
		{EB52CADD-FB26-4672-B204-49C73D66DC65}.Release|Any CPU.ActiveCfg = Release|Any CPU
		{EB52CADD-FB26-4672-B204-49C73D66DC65}.Release|Any CPU.Build.0 = Release|Any CPU
		{EB52CADD-FB26-4672-B204-49C73D66DC65}.Debug|x86.ActiveCfg = Debug|Any CPU
		{EB52CADD-FB26-4672-B204-49C73D66DC65}.Debug|x86.Build.0 = Debug|Any CPU
		{EB52CADD-FB26-4672-B204-49C73D66DC65}.Release|x86.ActiveCfg = Release|Any CPU
		{EB52CADD-FB26-4672-B204-49C73D66DC65}.Release|x86.Build.0 = Release|Any CPU
		{7D5A203B-A23F-4AE5-A85F-5894BF6D9A4A}.Debug|Any CPU.ActiveCfg = Debug|Any CPU
		{7D5A203B-A23F-4AE5-A85F-5894BF6D9A4A}.Debug|Any CPU.Build.0 = Debug|Any CPU
		{7D5A203B-A23F-4AE5-A85F-5894BF6D9A4A}.Release|Any CPU.ActiveCfg = Release|Any CPU
		{7D5A203B-A23F-4AE5-A85F-5894BF6D9A4A}.Release|Any CPU.Build.0 = Release|Any CPU
		{7D5A203B-A23F-4AE5-A85F-5894BF6D9A4A}.Debug|x86.ActiveCfg = Debug|Any CPU
		{7D5A203B-A23F-4AE5-A85F-5894BF6D9A4A}.Debug|x86.Build.0 = Debug|Any CPU
		{7D5A203B-A23F-4AE5-A85F-5894BF6D9A4A}.Release|x86.ActiveCfg = Release|Any CPU
		{7D5A203B-A23F-4AE5-A85F-5894BF6D9A4A}.Release|x86.Build.0 = Release|Any CPU
		{B7E1CAB2-8FF6-4DCD-AAA5-3129614F1C4E}.Debug|Any CPU.ActiveCfg = Debug|x86
		{B7E1CAB2-8FF6-4DCD-AAA5-3129614F1C4E}.Debug|Any CPU.Build.0 = Debug|x86
		{B7E1CAB2-8FF6-4DCD-AAA5-3129614F1C4E}.Release|Any CPU.ActiveCfg = Release|x86
		{B7E1CAB2-8FF6-4DCD-AAA5-3129614F1C4E}.Release|Any CPU.Build.0 = Release|x86
		{B7E1CAB2-8FF6-4DCD-AAA5-3129614F1C4E}.Debug|x86.ActiveCfg = Debug|x86
		{B7E1CAB2-8FF6-4DCD-AAA5-3129614F1C4E}.Debug|x86.Build.0 = Debug|x86
		{B7E1CAB2-8FF6-4DCD-AAA5-3129614F1C4E}.Release|x86.ActiveCfg = Release|x86
		{B7E1CAB2-8FF6-4DCD-AAA5-3129614F1C4E}.Release|x86.Build.0 = Release|x86
		{1CB22DA3-B975-4F3E-9474-9D8A480E6181}.Debug|Any CPU.ActiveCfg = Debug|Any CPU
		{1CB22DA3-B975-4F3E-9474-9D8A480E6181}.Debug|Any CPU.Build.0 = Debug|Any CPU
		{1CB22DA3-B975-4F3E-9474-9D8A480E6181}.Release|Any CPU.ActiveCfg = Release|Any CPU
		{1CB22DA3-B975-4F3E-9474-9D8A480E6181}.Release|Any CPU.Build.0 = Release|Any CPU
		{1CB22DA3-B975-4F3E-9474-9D8A480E6181}.Debug|x86.ActiveCfg = Debug|Any CPU
		{1CB22DA3-B975-4F3E-9474-9D8A480E6181}.Debug|x86.Build.0 = Debug|Any CPU
		{1CB22DA3-B975-4F3E-9474-9D8A480E6181}.Release|x86.ActiveCfg = Release|Any CPU
		{1CB22DA3-B975-4F3E-9474-9D8A480E6181}.Release|x86.Build.0 = Release|Any CPU
		{70E354FE-8451-40CB-8539-A2DBA15E8F4A}.Debug|Any CPU.ActiveCfg = Debug|Any CPU
		{70E354FE-8451-40CB-8539-A2DBA15E8F4A}.Debug|Any CPU.Build.0 = Debug|Any CPU
		{70E354FE-8451-40CB-8539-A2DBA15E8F4A}.Release|Any CPU.ActiveCfg = Release|Any CPU
		{70E354FE-8451-40CB-8539-A2DBA15E8F4A}.Release|Any CPU.Build.0 = Release|Any CPU
		{70E354FE-8451-40CB-8539-A2DBA15E8F4A}.Debug|x86.ActiveCfg = Debug|Any CPU
		{70E354FE-8451-40CB-8539-A2DBA15E8F4A}.Debug|x86.Build.0 = Debug|Any CPU
		{70E354FE-8451-40CB-8539-A2DBA15E8F4A}.Release|x86.ActiveCfg = Release|Any CPU
		{70E354FE-8451-40CB-8539-A2DBA15E8F4A}.Release|x86.Build.0 = Release|Any CPU
		{8B0BAD98-7EF4-4D93-B79F-D8C12DD4DDCC}.Debug|Any CPU.ActiveCfg = Debug|Any CPU
		{8B0BAD98-7EF4-4D93-B79F-D8C12DD4DDCC}.Debug|Any CPU.Build.0 = Debug|Any CPU
		{8B0BAD98-7EF4-4D93-B79F-D8C12DD4DDCC}.Release|Any CPU.ActiveCfg = Release|Any CPU
		{8B0BAD98-7EF4-4D93-B79F-D8C12DD4DDCC}.Release|Any CPU.Build.0 = Release|Any CPU
		{8B0BAD98-7EF4-4D93-B79F-D8C12DD4DDCC}.Debug|x86.ActiveCfg = Debug|Any CPU
		{8B0BAD98-7EF4-4D93-B79F-D8C12DD4DDCC}.Debug|x86.Build.0 = Debug|Any CPU
		{8B0BAD98-7EF4-4D93-B79F-D8C12DD4DDCC}.Release|x86.ActiveCfg = Release|Any CPU
		{8B0BAD98-7EF4-4D93-B79F-D8C12DD4DDCC}.Release|x86.Build.0 = Release|Any CPU
		{2D0CDAB5-DD7E-41B1-B681-318D44B19252}.Debug|Any CPU.ActiveCfg = Debug|Any CPU
		{2D0CDAB5-DD7E-41B1-B681-318D44B19252}.Debug|Any CPU.Build.0 = Debug|Any CPU
		{2D0CDAB5-DD7E-41B1-B681-318D44B19252}.Release|Any CPU.ActiveCfg = Release|Any CPU
		{2D0CDAB5-DD7E-41B1-B681-318D44B19252}.Release|Any CPU.Build.0 = Release|Any CPU
		{2D0CDAB5-DD7E-41B1-B681-318D44B19252}.Debug|x86.ActiveCfg = Debug|Any CPU
		{2D0CDAB5-DD7E-41B1-B681-318D44B19252}.Debug|x86.Build.0 = Debug|Any CPU
		{2D0CDAB5-DD7E-41B1-B681-318D44B19252}.Release|x86.ActiveCfg = Release|Any CPU
		{2D0CDAB5-DD7E-41B1-B681-318D44B19252}.Release|x86.Build.0 = Release|Any CPU
		{576E0927-33EB-418D-8960-1A8599D46913}.Debug|Any CPU.ActiveCfg = Debug|Any CPU
		{576E0927-33EB-418D-8960-1A8599D46913}.Debug|Any CPU.Build.0 = Debug|Any CPU
		{576E0927-33EB-418D-8960-1A8599D46913}.Release|Any CPU.ActiveCfg = Release|Any CPU
		{576E0927-33EB-418D-8960-1A8599D46913}.Release|Any CPU.Build.0 = Release|Any CPU
		{576E0927-33EB-418D-8960-1A8599D46913}.Debug|x86.ActiveCfg = Debug|Any CPU
		{576E0927-33EB-418D-8960-1A8599D46913}.Debug|x86.Build.0 = Debug|Any CPU
		{576E0927-33EB-418D-8960-1A8599D46913}.Release|x86.ActiveCfg = Release|Any CPU
		{576E0927-33EB-418D-8960-1A8599D46913}.Release|x86.Build.0 = Release|Any CPU
		{C3652F45-82FB-406B-98C6-2378FB183546}.Debug|Any CPU.ActiveCfg = Debug|Any CPU
		{C3652F45-82FB-406B-98C6-2378FB183546}.Debug|Any CPU.Build.0 = Debug|Any CPU
		{C3652F45-82FB-406B-98C6-2378FB183546}.Release|Any CPU.ActiveCfg = Release|Any CPU
		{C3652F45-82FB-406B-98C6-2378FB183546}.Release|Any CPU.Build.0 = Release|Any CPU
		{C3652F45-82FB-406B-98C6-2378FB183546}.Debug|x86.ActiveCfg = Debug|Any CPU
		{C3652F45-82FB-406B-98C6-2378FB183546}.Debug|x86.Build.0 = Debug|Any CPU
		{C3652F45-82FB-406B-98C6-2378FB183546}.Release|x86.ActiveCfg = Release|Any CPU
		{C3652F45-82FB-406B-98C6-2378FB183546}.Release|x86.Build.0 = Release|Any CPU
		{922C960D-F9BC-4E6C-92CC-DB980C4BC21B}.Debug|Any CPU.ActiveCfg = Debug|Any CPU
		{922C960D-F9BC-4E6C-92CC-DB980C4BC21B}.Debug|Any CPU.Build.0 = Debug|Any CPU
		{922C960D-F9BC-4E6C-92CC-DB980C4BC21B}.Release|Any CPU.ActiveCfg = Release|Any CPU
		{922C960D-F9BC-4E6C-92CC-DB980C4BC21B}.Release|Any CPU.Build.0 = Release|Any CPU
		{922C960D-F9BC-4E6C-92CC-DB980C4BC21B}.Debug|x86.ActiveCfg = Debug|Any CPU
		{922C960D-F9BC-4E6C-92CC-DB980C4BC21B}.Debug|x86.Build.0 = Debug|Any CPU
		{922C960D-F9BC-4E6C-92CC-DB980C4BC21B}.Release|x86.ActiveCfg = Release|Any CPU
		{922C960D-F9BC-4E6C-92CC-DB980C4BC21B}.Release|x86.Build.0 = Release|Any CPU
		{D1AB3D94-715E-4796-810D-D0A586759CCD}.Debug|Any CPU.ActiveCfg = Debug|Any CPU
		{D1AB3D94-715E-4796-810D-D0A586759CCD}.Debug|Any CPU.Build.0 = Debug|Any CPU
		{D1AB3D94-715E-4796-810D-D0A586759CCD}.Release|Any CPU.ActiveCfg = Release|Any CPU
		{D1AB3D94-715E-4796-810D-D0A586759CCD}.Release|Any CPU.Build.0 = Release|Any CPU
		{D1AB3D94-715E-4796-810D-D0A586759CCD}.Debug|x86.ActiveCfg = Debug|Any CPU
		{D1AB3D94-715E-4796-810D-D0A586759CCD}.Debug|x86.Build.0 = Debug|Any CPU
		{D1AB3D94-715E-4796-810D-D0A586759CCD}.Release|x86.ActiveCfg = Release|Any CPU
		{D1AB3D94-715E-4796-810D-D0A586759CCD}.Release|x86.Build.0 = Release|Any CPU
		{0B3888D0-1BEF-4728-B53C-660FC2EF8400}.Debug|Any CPU.ActiveCfg = Debug|Any CPU
		{0B3888D0-1BEF-4728-B53C-660FC2EF8400}.Debug|Any CPU.Build.0 = Debug|Any CPU
		{0B3888D0-1BEF-4728-B53C-660FC2EF8400}.Release|Any CPU.ActiveCfg = Release|Any CPU
		{0B3888D0-1BEF-4728-B53C-660FC2EF8400}.Release|Any CPU.Build.0 = Release|Any CPU
		{0B3888D0-1BEF-4728-B53C-660FC2EF8400}.Debug|x86.ActiveCfg = Debug|Any CPU
		{0B3888D0-1BEF-4728-B53C-660FC2EF8400}.Release|x86.ActiveCfg = Release|Any CPU
		{B02BDAC7-B55C-42A4-B144-177522C19226}.Debug|Any CPU.ActiveCfg = Debug|Any CPU
		{B02BDAC7-B55C-42A4-B144-177522C19226}.Debug|Any CPU.Build.0 = Debug|Any CPU
		{B02BDAC7-B55C-42A4-B144-177522C19226}.Release|Any CPU.ActiveCfg = Release|Any CPU
		{B02BDAC7-B55C-42A4-B144-177522C19226}.Release|Any CPU.Build.0 = Release|Any CPU
		{B02BDAC7-B55C-42A4-B144-177522C19226}.Debug|x86.ActiveCfg = Debug|Any CPU
		{B02BDAC7-B55C-42A4-B144-177522C19226}.Release|x86.ActiveCfg = Release|Any CPU
		{7CA4C2BC-FB06-4A41-B49D-A3D3F32C6237}.Debug|Any CPU.ActiveCfg = Debug|Any CPU
		{7CA4C2BC-FB06-4A41-B49D-A3D3F32C6237}.Debug|Any CPU.Build.0 = Debug|Any CPU
		{7CA4C2BC-FB06-4A41-B49D-A3D3F32C6237}.Release|Any CPU.ActiveCfg = Release|Any CPU
		{7CA4C2BC-FB06-4A41-B49D-A3D3F32C6237}.Release|Any CPU.Build.0 = Release|Any CPU
		{7CA4C2BC-FB06-4A41-B49D-A3D3F32C6237}.Debug|x86.ActiveCfg = Debug|Any CPU
		{7CA4C2BC-FB06-4A41-B49D-A3D3F32C6237}.Release|x86.ActiveCfg = Release|Any CPU
		{38E983CD-74B7-495C-A67E-39330C11C57F}.Debug|Any CPU.ActiveCfg = Debug|Any CPU
		{38E983CD-74B7-495C-A67E-39330C11C57F}.Debug|Any CPU.Build.0 = Debug|Any CPU
		{38E983CD-74B7-495C-A67E-39330C11C57F}.Release|Any CPU.ActiveCfg = Release|Any CPU
		{38E983CD-74B7-495C-A67E-39330C11C57F}.Release|Any CPU.Build.0 = Release|Any CPU
		{38E983CD-74B7-495C-A67E-39330C11C57F}.Debug|x86.ActiveCfg = Debug|Any CPU
		{38E983CD-74B7-495C-A67E-39330C11C57F}.Release|x86.ActiveCfg = Release|Any CPU
		{DEF6A642-2F05-4B72-BEAC-05D36B4E1500}.Debug|Any CPU.ActiveCfg = Debug|Any CPU
		{DEF6A642-2F05-4B72-BEAC-05D36B4E1500}.Debug|Any CPU.Build.0 = Debug|Any CPU
		{DEF6A642-2F05-4B72-BEAC-05D36B4E1500}.Release|Any CPU.ActiveCfg = Release|Any CPU
		{DEF6A642-2F05-4B72-BEAC-05D36B4E1500}.Release|Any CPU.Build.0 = Release|Any CPU
		{DEF6A642-2F05-4B72-BEAC-05D36B4E1500}.Debug|x86.ActiveCfg = Debug|Any CPU
		{DEF6A642-2F05-4B72-BEAC-05D36B4E1500}.Release|x86.ActiveCfg = Release|Any CPU
		{5E57FC56-BBED-4723-B74D-E99C5FF3764E}.Debug|Any CPU.ActiveCfg = Debug|Any CPU
		{5E57FC56-BBED-4723-B74D-E99C5FF3764E}.Debug|Any CPU.Build.0 = Debug|Any CPU
		{5E57FC56-BBED-4723-B74D-E99C5FF3764E}.Release|Any CPU.ActiveCfg = Release|Any CPU
		{5E57FC56-BBED-4723-B74D-E99C5FF3764E}.Release|Any CPU.Build.0 = Release|Any CPU
		{5E57FC56-BBED-4723-B74D-E99C5FF3764E}.Debug|x86.ActiveCfg = Debug|Any CPU
		{5E57FC56-BBED-4723-B74D-E99C5FF3764E}.Debug|x86.Build.0 = Debug|Any CPU
		{5E57FC56-BBED-4723-B74D-E99C5FF3764E}.Release|x86.ActiveCfg = Release|Any CPU
		{5E57FC56-BBED-4723-B74D-E99C5FF3764E}.Release|x86.Build.0 = Release|Any CPU
	EndGlobalSection
	GlobalSection(SolutionProperties) = preSolution
		HideSolutionNode = FALSE
	EndGlobalSection
	GlobalSection(NestedProjects) = preSolution
		{B7E1CAB2-8FF6-4DCD-AAA5-3129614F1C4E} = {D70CAE16-06FF-42E5-92A9-9046F88E681C}
		{1CB22DA3-B975-4F3E-9474-9D8A480E6181} = {D70CAE16-06FF-42E5-92A9-9046F88E681C}
		{70E354FE-8451-40CB-8539-A2DBA15E8F4A} = {D70CAE16-06FF-42E5-92A9-9046F88E681C}
		{D1AB3D94-715E-4796-810D-D0A586759CCD} = {D70CAE16-06FF-42E5-92A9-9046F88E681C}
	EndGlobalSection
EndGlobal
